// !$*UTF8*$!
{
	archiveVersion = 1;
	classes = {
	};
	objectVersion = 46;
	objects = {

/* Begin PBXBuildFile section */
		4181FB460FCE7D455E814EA0 /* Foundation.framework in Frameworks */ = {isa = PBXBuildFile; fileRef = 6F1A08807A19CC3B7E5857DD /* Foundation.framework */; };
		9421D4141F5C80C3006787B5 /* Reusable.swift in Sources */ = {isa = PBXBuildFile; fileRef = 9421D4131F5C80C3006787B5 /* Reusable.swift */; };
		9421D4161F5C812B006787B5 /* UITableView+CustomCell.swift in Sources */ = {isa = PBXBuildFile; fileRef = 9421D4151F5C812B006787B5 /* UITableView+CustomCell.swift */; };
		9421D4181F5C81BB006787B5 /* UICollectionView+CustomCell.swift in Sources */ = {isa = PBXBuildFile; fileRef = 9421D4171F5C81BB006787B5 /* UICollectionView+CustomCell.swift */; };
		9421D41A1F5C81F6006787B5 /* UITableViewCell+CustomCell.swift in Sources */ = {isa = PBXBuildFile; fileRef = 9421D4191F5C81F6006787B5 /* UITableViewCell+CustomCell.swift */; };
		9421D41C1F5C823B006787B5 /* UICollectionViewCell+CustomCell.swift in Sources */ = {isa = PBXBuildFile; fileRef = 9421D41B1F5C823B006787B5 /* UICollectionViewCell+CustomCell.swift */; };
		9C5616791F77ADA69021E124 /* CustomCell.swift in Sources */ = {isa = PBXBuildFile; fileRef = D9A6F9C9650AC2723FBDB86F /* CustomCell.swift */; };
/* End PBXBuildFile section */

/* Begin PBXCopyFilesBuildPhase section */
		61BC4F2E8738909433A93075 /* Embed Frameworks */ = {
			isa = PBXCopyFilesBuildPhase;
			buildActionMask = 2147483647;
			dstPath = "";
			dstSubfolderSpec = 10;
			files = (
			);
			name = "Embed Frameworks";
			runOnlyForDeploymentPostprocessing = 0;
		};
/* End PBXCopyFilesBuildPhase section */

/* Begin PBXFileReference section */
		46E211255F8B8801902671AE /* Fwk.framework */ = {isa = PBXFileReference; explicitFileType = wrapper.framework; includeInIndex = 0; name = Fwk.framework; path = XCEReusableView.framework; sourceTree = BUILT_PRODUCTS_DIR; };
		6F1A08807A19CC3B7E5857DD /* Foundation.framework */ = {isa = PBXFileReference; lastKnownFileType = wrapper.framework; name = Foundation.framework; path = Platforms/iPhoneOS.platform/Developer/SDKs/iPhoneOS10.3.sdk/System/Library/Frameworks/Foundation.framework; sourceTree = DEVELOPER_DIR; };
		9421D4131F5C80C3006787B5 /* Reusable.swift */ = {isa = PBXFileReference; fileEncoding = 4; lastKnownFileType = sourcecode.swift; path = Reusable.swift; sourceTree = "<group>"; };
		9421D4151F5C812B006787B5 /* UITableView+CustomCell.swift */ = {isa = PBXFileReference; fileEncoding = 4; lastKnownFileType = sourcecode.swift; path = "UITableView+CustomCell.swift"; sourceTree = "<group>"; };
		9421D4171F5C81BB006787B5 /* UICollectionView+CustomCell.swift */ = {isa = PBXFileReference; fileEncoding = 4; lastKnownFileType = sourcecode.swift; path = "UICollectionView+CustomCell.swift"; sourceTree = "<group>"; };
		9421D4191F5C81F6006787B5 /* UITableViewCell+CustomCell.swift */ = {isa = PBXFileReference; fileEncoding = 4; lastKnownFileType = sourcecode.swift; path = "UITableViewCell+CustomCell.swift"; sourceTree = "<group>"; };
		9421D41B1F5C823B006787B5 /* UICollectionViewCell+CustomCell.swift */ = {isa = PBXFileReference; fileEncoding = 4; lastKnownFileType = sourcecode.swift; path = "UICollectionViewCell+CustomCell.swift"; sourceTree = "<group>"; };
		D9A6F9C9650AC2723FBDB86F /* CustomCell.swift */ = {isa = PBXFileReference; includeInIndex = 1; lastKnownFileType = sourcecode.swift; path = CustomCell.swift; sourceTree = "<group>"; };
/* End PBXFileReference section */

/* Begin PBXFrameworksBuildPhase section */
		1887AA1A9BF679872761A28D /* Frameworks */ = {
			isa = PBXFrameworksBuildPhase;
			buildActionMask = 2147483647;
			files = (
				4181FB460FCE7D455E814EA0 /* Foundation.framework in Frameworks */,
			);
			runOnlyForDeploymentPostprocessing = 0;
		};
/* End PBXFrameworksBuildPhase section */

/* Begin PBXGroup section */
		267254E673100EF6732FA944 /* Frameworks */ = {
			isa = PBXGroup;
			children = (
				2E67C372E32C1EE4EEB7F5DC /* $local */,
				8281FB3B5D59B663C1CBED10 /* iOS */,
			);
			name = Frameworks;
			sourceTree = "<group>";
		};
		2E67C372E32C1EE4EEB7F5DC /* $local */ = {
			isa = PBXGroup;
			children = (
			);
			name = $local;
			sourceTree = "<group>";
		};
		66C697A1BCC507846EABAB5F /* Products */ = {
			isa = PBXGroup;
			children = (
				46E211255F8B8801902671AE /* Fwk.framework */,
			);
			name = Products;
			sourceTree = "<group>";
		};
		6821D0A8E6B3DB970F6C705E /* Sources */ = {
			isa = PBXGroup;
			children = (
				9421D4131F5C80C3006787B5 /* Reusable.swift */,
				D9A6F9C9650AC2723FBDB86F /* CustomCell.swift */,
				9421D4151F5C812B006787B5 /* UITableView+CustomCell.swift */,
				9421D4171F5C81BB006787B5 /* UICollectionView+CustomCell.swift */,
				9421D4191F5C81F6006787B5 /* UITableViewCell+CustomCell.swift */,
				9421D41B1F5C823B006787B5 /* UICollectionViewCell+CustomCell.swift */,
			);
			path = Sources;
			sourceTree = SOURCE_ROOT;
		};
		8281FB3B5D59B663C1CBED10 /* iOS */ = {
			isa = PBXGroup;
			children = (
				6F1A08807A19CC3B7E5857DD /* Foundation.framework */,
			);
			name = iOS;
			sourceTree = "<group>";
		};
		8D3B31FFED4F94831DB2A7CA = {
			isa = PBXGroup;
			children = (
				267254E673100EF6732FA944 /* Frameworks */,
				66C697A1BCC507846EABAB5F /* Products */,
				6821D0A8E6B3DB970F6C705E /* Sources */,
			);
			sourceTree = "<group>";
		};
/* End PBXGroup section */

/* Begin PBXNativeTarget section */
		9246F7C558156718FF0F577F /* Fwk */ = {
			isa = PBXNativeTarget;
			buildConfigurationList = E5911CCB849548119E86C9E2 /* Build configuration list for PBXNativeTarget "Fwk" */;
			buildPhases = (
				0E5CCBD701D113BD679C3011 /* SwiftLint */,
				E19E1FAA851A437C9BD784A8 /* Sources */,
				1887AA1A9BF679872761A28D /* Frameworks */,
				61BC4F2E8738909433A93075 /* Embed Frameworks */,
			);
			buildRules = (
			);
			dependencies = (
			);
			name = Fwk;
			productName = Fwk;
			productReference = 46E211255F8B8801902671AE /* Fwk.framework */;
			productType = "com.apple.product-type.framework";
		};
/* End PBXNativeTarget section */

/* Begin PBXProject section */
		E85CCB2B65698AF6ECE2F154 /* Project object */ = {
			isa = PBXProject;
			attributes = {
				LastSwiftUpdateCheck = 0830;
				LastUpgradeCheck = 0700;
				Struct.Version = 2.1.0;
			};
			buildConfigurationList = B08901FE76E0E905664A5801 /* Build configuration list for PBXProject "Main" */;
			compatibilityVersion = "Xcode 3.2";
			developmentRegion = English;
			hasScannedForEncodings = 0;
			knownRegions = (
				en,
			);
			mainGroup = 8D3B31FFED4F94831DB2A7CA;
			productRefGroup = 66C697A1BCC507846EABAB5F /* Products */;
			projectDirPath = "";
			projectRoot = "";
			targets = (
				9246F7C558156718FF0F577F /* Fwk */,
			);
		};
/* End PBXProject section */

/* Begin PBXShellScriptBuildPhase section */
		0E5CCBD701D113BD679C3011 /* SwiftLint */ = {
			isa = PBXShellScriptBuildPhase;
			buildActionMask = 2147483647;
			files = (
			);
			inputPaths = (
			);
			name = SwiftLint;
			outputPaths = (
			);
			runOnlyForDeploymentPostprocessing = 0;
			shellPath = /bin/sh;
			shellScript = "if which swiftlint >/dev/null; then\n    swiftlint\nelse\n    echo \"warning: SwiftLint not installed, download from https://github.com/realm/SwiftLint\"\nfi";
		};
/* End PBXShellScriptBuildPhase section */

/* Begin PBXSourcesBuildPhase section */
		E19E1FAA851A437C9BD784A8 /* Sources */ = {
			isa = PBXSourcesBuildPhase;
			buildActionMask = 2147483647;
			files = (
				9421D41A1F5C81F6006787B5 /* UITableViewCell+CustomCell.swift in Sources */,
				9421D41C1F5C823B006787B5 /* UICollectionViewCell+CustomCell.swift in Sources */,
				9421D4161F5C812B006787B5 /* UITableView+CustomCell.swift in Sources */,
				9421D4181F5C81BB006787B5 /* UICollectionView+CustomCell.swift in Sources */,
				9421D4141F5C80C3006787B5 /* Reusable.swift in Sources */,
				9C5616791F77ADA69021E124 /* CustomCell.swift in Sources */,
			);
			runOnlyForDeploymentPostprocessing = 0;
		};
/* End PBXSourcesBuildPhase section */

/* Begin XCBuildConfiguration section */
		18A62674024980CAC36B43B4 /* Debug */ = {
			isa = XCBuildConfiguration;
			buildSettings = {
				ALWAYS_SEARCH_USER_PATHS = NO;
				CLANG_ANALYZER_NONNULL = YES;
				CLANG_CXX_LANGUAGE_STANDARD = "gnu++0x";
				CLANG_CXX_LIBRARY = "libc++";
				CLANG_ENABLE_MODULES = YES;
				CLANG_ENABLE_OBJC_ARC = YES;
				CLANG_WARN_BOOL_CONVERSION = YES;
				CLANG_WARN_CONSTANT_CONVERSION = YES;
				CLANG_WARN_DIRECT_OBJC_ISA_USAGE = YES_ERROR;
				CLANG_WARN_DOCUMENTATION_COMMENTS = YES;
				CLANG_WARN_EMPTY_BODY = YES;
				CLANG_WARN_ENUM_CONVERSION = YES;
				CLANG_WARN_INFINITE_RECURSION = YES;
				CLANG_WARN_INT_CONVERSION = YES;
				CLANG_WARN_OBJC_ROOT_CLASS = YES_ERROR;
				CLANG_WARN_SUSPICIOUS_MOVE = YES;
				CLANG_WARN_SUSPICIOUS_MOVES = YES;
				CLANG_WARN_UNREACHABLE_CODE = YES;
				CLANG_WARN__DUPLICATE_METHOD_MATCH = YES;
				CODE_SIGN_IDENTITY = "-";
				"CODE_SIGN_IDENTITY[sdk=iphoneos*]" = "";
				COPY_PHASE_STRIP = NO;
				CURRENT_PROJECT_VERSION = 0;
				DEBUG_INFORMATION_FORMAT = dwarf;
				ENABLE_STRICT_OBJC_MSGSEND = YES;
				ENABLE_TESTABILITY = YES;
				GCC_C_LANGUAGE_STANDARD = gnu99;
				GCC_DYNAMIC_NO_PIC = NO;
				GCC_NO_COMMON_BLOCKS = YES;
				GCC_OPTIMIZATION_LEVEL = 0;
				GCC_PREPROCESSOR_DEFINITIONS = (
					"DEBUG=1",
					"$(inherited)",
				);
				GCC_WARN_64_TO_32_BIT_CONVERSION = YES;
				GCC_WARN_ABOUT_RETURN_TYPE = YES_ERROR;
				GCC_WARN_UNDECLARED_SELECTOR = YES;
				GCC_WARN_UNINITIALIZED_AUTOS = YES_AGGRESSIVE;
				GCC_WARN_UNUSED_FUNCTION = YES;
				GCC_WARN_UNUSED_VARIABLE = YES;
				IPHONEOS_DEPLOYMENT_TARGET = 8.0;
				MTL_ENABLE_DEBUG_INFO = YES;
				ONLY_ACTIVE_ARCH = YES;
				SWIFT_ACTIVE_COMPILATION_CONDITIONS = DEBUG;
				SWIFT_OPTIMIZATION_LEVEL = "-Onone";
				SWIFT_VERSION = 3.0;
				VERSIONING_SYSTEM = "apple-generic";
			};
			name = Debug;
		};
		286FAB6F669C48F215CCFA84 /* Release */ = {
			isa = XCBuildConfiguration;
			buildSettings = {
				ALWAYS_EMBED_SWIFT_STANDARD_LIBRARIES = YES;
				CURRENT_PROJECT_VERSION = 0;
				DEFINES_MODULE = NO;
				ENABLE_TESTABILITY = YES;
				INFOPLIST_FILE = Info/Fwk.plist;
				INSTALL_PATH = "$(LOCAL_LIBRARY_DIR)/Frameworks";
				IPHONEOS_DEPLOYMENT_TARGET = 8.0;
				LD_RUNPATH_SEARCH_PATHS = "$(inherited) @executable_path/Frameworks";
				PRODUCT_BUNDLE_IDENTIFIER = io.XCEssentials.ReusableView;
				PRODUCT_NAME = XCEReusableView;
				SDKROOT = iphoneos;
				SKIP_INSTALL = YES;
				SWIFT_VERSION = 3.0;
				TARGETED_DEVICE_FAMILY = "1,2";
				VERSIONING_SYSTEM = "apple-generic";
				VERSION_INFO_PREFIX = "";
			};
			name = Release;
		};
		74C4DF50F77A3A24DC31BE7E /* Release */ = {
			isa = XCBuildConfiguration;
			buildSettings = {
				ALWAYS_SEARCH_USER_PATHS = NO;
				CLANG_ANALYZER_NONNULL = YES;
				CLANG_CXX_LANGUAGE_STANDARD = "gnu++0x";
				CLANG_CXX_LIBRARY = "libc++";
				CLANG_ENABLE_MODULES = YES;
				CLANG_ENABLE_OBJC_ARC = YES;
				CLANG_WARN_BOOL_CONVERSION = YES;
				CLANG_WARN_CONSTANT_CONVERSION = YES;
				CLANG_WARN_DIRECT_OBJC_ISA_USAGE = YES_ERROR;
				CLANG_WARN_DOCUMENTATION_COMMENTS = YES;
				CLANG_WARN_EMPTY_BODY = YES;
				CLANG_WARN_ENUM_CONVERSION = YES;
				CLANG_WARN_INFINITE_RECURSION = YES;
				CLANG_WARN_INT_CONVERSION = YES;
				CLANG_WARN_OBJC_ROOT_CLASS = YES_ERROR;
				CLANG_WARN_SUSPICIOUS_MOVE = YES;
				CLANG_WARN_SUSPICIOUS_MOVES = YES;
				CLANG_WARN_UNREACHABLE_CODE = YES;
				CLANG_WARN__DUPLICATE_METHOD_MATCH = YES;
				CODE_SIGN_IDENTITY = "-";
				"CODE_SIGN_IDENTITY[sdk=iphoneos*]" = "";
				COPY_PHASE_STRIP = NO;
				CURRENT_PROJECT_VERSION = 0;
				DEBUG_INFORMATION_FORMAT = "dwarf-with-dsym";
				ENABLE_NS_ASSERTIONS = NO;
				ENABLE_STRICT_OBJC_MSGSEND = YES;
				GCC_C_LANGUAGE_STANDARD = gnu99;
				GCC_NO_COMMON_BLOCKS = YES;
				GCC_WARN_64_TO_32_BIT_CONVERSION = YES;
				GCC_WARN_ABOUT_RETURN_TYPE = YES_ERROR;
				GCC_WARN_UNDECLARED_SELECTOR = YES;
				GCC_WARN_UNINITIALIZED_AUTOS = YES_AGGRESSIVE;
				GCC_WARN_UNUSED_FUNCTION = YES;
				GCC_WARN_UNUSED_VARIABLE = YES;
				IPHONEOS_DEPLOYMENT_TARGET = 8.0;
				MTL_ENABLE_DEBUG_INFO = NO;
				SWIFT_OPTIMIZATION_LEVEL = "-Owholemodule";
				SWIFT_VERSION = 3.0;
				VALIDATE_PRODUCT = YES;
				VERSIONING_SYSTEM = "apple-generic";
			};
			name = Release;
		};
		F46971F19B65402FD9871DC5 /* Debug */ = {
			isa = XCBuildConfiguration;
			buildSettings = {
				ALWAYS_EMBED_SWIFT_STANDARD_LIBRARIES = YES;
				CURRENT_PROJECT_VERSION = 0;
				DEFINES_MODULE = NO;
				ENABLE_TESTABILITY = YES;
				INFOPLIST_FILE = Info/Fwk.plist;
				INSTALL_PATH = "$(LOCAL_LIBRARY_DIR)/Frameworks";
				IPHONEOS_DEPLOYMENT_TARGET = 8.0;
				LD_RUNPATH_SEARCH_PATHS = "$(inherited) @executable_path/Frameworks";
				MTL_ENABLE_DEBUG_INFO = true;
				PRODUCT_BUNDLE_IDENTIFIER = io.XCEssentials.ReusableView;
				PRODUCT_NAME = XCEReusableView;
				SDKROOT = iphoneos;
				SKIP_INSTALL = YES;
				SWIFT_VERSION = 3.0;
				TARGETED_DEVICE_FAMILY = "1,2";
				VERSIONING_SYSTEM = "apple-generic";
				VERSION_INFO_PREFIX = "";
			};
			name = Debug;
		};
/* End XCBuildConfiguration section */

/* Begin XCConfigurationList section */
		B08901FE76E0E905664A5801 /* Build configuration list for PBXProject "Main" */ = {
			isa = XCConfigurationList;
			buildConfigurations = (
				18A62674024980CAC36B43B4 /* Debug */,
				74C4DF50F77A3A24DC31BE7E /* Release */,
			);
			defaultConfigurationIsVisible = 0;
			defaultConfigurationName = Debug;
		};
		E5911CCB849548119E86C9E2 /* Build configuration list for PBXNativeTarget "Fwk" */ = {
			isa = XCConfigurationList;
			buildConfigurations = (
				F46971F19B65402FD9871DC5 /* Debug */,
				286FAB6F669C48F215CCFA84 /* Release */,
			);
			defaultConfigurationIsVisible = 0;
			defaultConfigurationName = Release;
		};
/* End XCConfigurationList section */
	};
	rootObject = E85CCB2B65698AF6ECE2F154 /* Project object */;
}
